
Microsoft Visual Studio Solution File, Format Version 12.00
# Visual Studio 15
Project("{FAE04EC0-301F-11D3-BF4B-00C04F79EFBC}") = "Oculus.Platform", "Oculus.Platform.csproj", "{6F5DCEA0-CD24-3850-1354-95B968FF52EC}"
EndProject
Project("{FAE04EC0-301F-11D3-BF4B-00C04F79EFBC}") = "Assembly-CSharp", "Assembly-CSharp.csproj", "{32C3BDE6-E125-3128-82C1-25D0441455A3}"
EndProject
Project("{FAE04EC0-301F-11D3-BF4B-00C04F79EFBC}") = "Oculus.Interaction", "Oculus.Interaction.csproj", "{399210E1-EFA6-B134-AB89-71E27613E94E}"
EndProject
Project("{FAE04EC0-301F-11D3-BF4B-00C04F79EFBC}") = "Oculus.VR", "Oculus.VR.csproj", "{5F952402-0FAE-5C57-AE5C-69C2E4459BCA}"
EndProject
Project("{FAE04EC0-301F-11D3-BF4B-00C04F79EFBC}") = "VoiceSDK.Dictation.Runtime", "VoiceSDK.Dictation.Runtime.csproj", "{43AB9CDC-BA6D-D7E6-471D-993377B8649E}"
EndProject
Project("{FAE04EC0-301F-11D3-BF4B-00C04F79EFBC}") = "VoiceSDK.Runtime", "VoiceSDK.Runtime.csproj", "{BFCB1A71-A1B1-F655-2E3A-49328AF55F29}"
EndProject
Project("{FAE04EC0-301F-11D3-BF4B-00C04F79EFBC}") = "Meta.WitAi", "Meta.WitAi.csproj", "{011DC4E5-56EC-BE8F-8A66-8B7D2492CBBF}"
EndProject
Project("{FAE04EC0-301F-11D3-BF4B-00C04F79EFBC}") = "Meta.WitAi.Lib", "Meta.WitAi.Lib.csproj", "{011B871C-86AA-D2AA-88D1-1D526781229B}"
EndProject
Project("{FAE04EC0-301F-11D3-BF4B-00C04F79EFBC}") = "Oculus.Interaction.OVR.Samples", "Oculus.Interaction.OVR.Samples.csproj", "{B78B5FAE-383A-2CBC-EA83-9539FB50A330}"
EndProject
Project("{FAE04EC0-301F-11D3-BF4B-00C04F79EFBC}") = "Meta.WitAi.TTS.Samples", "Meta.WitAi.TTS.Samples.csproj", "{18C94C1E-D131-A6EF-0F7D-C17C24CB484C}"
EndProject
Project("{FAE04EC0-301F-11D3-BF4B-00C04F79EFBC}") = "Oculus.Voice.Demo", "Oculus.Voice.Demo.csproj", "{9251C239-608E-BC54-B073-05499F3CCF58}"
EndProject
Project("{FAE04EC0-301F-11D3-BF4B-00C04F79EFBC}") = "Oculus.Interaction.OVR", "Oculus.Interaction.OVR.csproj", "{12148E6A-0CC5-E799-E38E-DAE073BBBF70}"
EndProject
Project("{FAE04EC0-301F-11D3-BF4B-00C04F79EFBC}") = "AssistantCoreSDKRuntime", "AssistantCoreSDKRuntime.csproj", "{D6A23B7B-D5BA-8A51-4DEA-DD149A5BA3C0}"
EndProject
Project("{FAE04EC0-301F-11D3-BF4B-00C04F79EFBC}") = "Meta.WitAi.Conduit", "Meta.WitAi.Conduit.csproj", "{3FA15CEE-7665-E32C-0E83-912339B6AB7B}"
EndProject
Project("{FAE04EC0-301F-11D3-BF4B-00C04F79EFBC}") = "Oculus.AudioManager", "Oculus.AudioManager.csproj", "{DB4D2D42-5450-B3E5-4DE6-58A5DCE25679}"
EndProject
Project("{FAE04EC0-301F-11D3-BF4B-00C04F79EFBC}") = "Oculus.LipSync", "Oculus.LipSync.csproj", "{477A8FDB-D25D-304B-D2D7-4AAF48B42F5E}"
EndProject
Project("{FAE04EC0-301F-11D3-BF4B-00C04F79EFBC}") = "Oculus.Spatializer", "Oculus.Spatializer.csproj", "{F79355FB-5971-9019-9B0C-E3323E259EEF}"
EndProject
Project("{FAE04EC0-301F-11D3-BF4B-00C04F79EFBC}") = "Meta.VoiceSDK.Mic.Other", "Meta.VoiceSDK.Mic.Other.csproj", "{272105A0-D666-07E1-AE84-4B0C8EB3A81E}"
EndProject
Project("{FAE04EC0-301F-11D3-BF4B-00C04F79EFBC}") = "Meta.VoiceSDK.Mic.WebGL", "Meta.VoiceSDK.Mic.WebGL.csproj", "{1E14576A-1A3B-7658-C29A-8C824D618862}"
EndProject
Project("{FAE04EC0-301F-11D3-BF4B-00C04F79EFBC}") = "Meta.VoiceSDK.Mic.Common", "Meta.VoiceSDK.Mic.Common.csproj", "{771E489D-BE4D-B2E3-E36E-E6067EF3DDB8}"
EndProject
Project("{FAE04EC0-301F-11D3-BF4B-00C04F79EFBC}") = "Facebook.Wit.Dictation", "Facebook.Wit.Dictation.csproj", "{7D16C4AC-858E-C252-F891-A115FD84452A}"
EndProject
Project("{FAE04EC0-301F-11D3-BF4B-00C04F79EFBC}") = "Meta.WitAi.TTS", "Meta.WitAi.TTS.csproj", "{4C92CAD7-FCF7-AC3B-3297-89ACCEA0CF2C}"
EndProject
Project("{FAE04EC0-301F-11D3-BF4B-00C04F79EFBC}") = "Meta.WitAi.Editor", "Meta.WitAi.Editor.csproj", "{55A5E845-175E-E641-CCA2-3D6F7C379819}"
EndProject
Project("{FAE04EC0-301F-11D3-BF4B-00C04F79EFBC}") = "Meta.WitAI.Lib.Editor", "Meta.WitAI.Lib.Editor.csproj", "{51CDA77D-30E9-591E-9F7B-3DD96989FD5E}"
EndProject
Project("{FAE04EC0-301F-11D3-BF4B-00C04F79EFBC}") = "Oculus.VR.Editor", "Oculus.VR.Editor.csproj", "{619A6AC7-8E96-558B-820F-364CB4A43FA3}"
EndProject
Project("{FAE04EC0-301F-11D3-BF4B-00C04F79EFBC}") = "Meta.WitAi.Conduit.Editor", "Meta.WitAi.Conduit.Editor.csproj", "{D37A1664-1647-B92C-EB51-D578D3A32A41}"
EndProject
Project("{FAE04EC0-301F-11D3-BF4B-00C04F79EFBC}") = "Oculus.Interaction.Editor", "Oculus.Interaction.Editor.csproj", "{65B5E4DC-B3F5-FA33-F51A-EF234F3864D1}"
EndProject
Project("{FAE04EC0-301F-11D3-BF4B-00C04F79EFBC}") = "Oculus.Interaction.OVR.Editor", "Oculus.Interaction.OVR.Editor.csproj", "{C9DC7B3C-B276-C6CD-5E59-836B69C1E89D}"
EndProject
Project("{FAE04EC0-301F-11D3-BF4B-00C04F79EFBC}") = "Assembly-CSharp-Editor", "Assembly-CSharp-Editor.csproj", "{E8A91009-7186-A382-4FE4-3C21BA335F00}"
EndProject
Project("{FAE04EC0-301F-11D3-BF4B-00C04F79EFBC}") = "Oculus.VR.Scripts.Editor", "Oculus.VR.Scripts.Editor.csproj", "{6A1A818E-2075-7503-AC3E-AC553B965D20}"
EndProject
Project("{FAE04EC0-301F-11D3-BF4B-00C04F79EFBC}") = "Oculus.Spatializer.Editor", "Oculus.Spatializer.Editor.csproj", "{CDB061C6-7A13-4FAD-7246-C4DC8AB871BA}"
EndProject
Project("{FAE04EC0-301F-11D3-BF4B-00C04F79EFBC}") = "Meta.WitAi.TTS.Editor", "Meta.WitAi.TTS.Editor.csproj", "{88479939-1F08-51FB-3A2B-39C703C21653}"
EndProject
Project("{FAE04EC0-301F-11D3-BF4B-00C04F79EFBC}") = "VoiceSDK.Dictation.Editor", "VoiceSDK.Dictation.Editor.csproj", "{25061A6A-FD25-AB08-B28E-730DF242B4F2}"
EndProject
Project("{FAE04EC0-301F-11D3-BF4B-00C04F79EFBC}") = "Oculus.Platform.Editor", "Oculus.Platform.Editor.csproj", "{5B8DCB86-2C5F-E8A8-144D-3B418FBF32B4}"
EndProject
Project("{FAE04EC0-301F-11D3-BF4B-00C04F79EFBC}") = "VoiceSDK.Editor", "VoiceSDK.Editor.csproj", "{EDAE8845-3DCC-C712-6E88-098FF88566AA}"
EndProject
Project("{FAE04EC0-301F-11D3-BF4B-00C04F79EFBC}") = "Oculus.AudioManager.Audio.Editor", "Oculus.AudioManager.Audio.Editor.csproj", "{06DF7683-AEDE-A154-4A09-6A681F41A52A}"
EndProject
Project("{FAE04EC0-301F-11D3-BF4B-00C04F79EFBC}") = "Oculus.LipSync.Editor", "Oculus.LipSync.Editor.csproj", "{969F8221-7649-852C-F238-1E3F53705FD5}"
EndProject
Project("{FAE04EC0-301F-11D3-BF4B-00C04F79EFBC}") = "Oculus.AudioManager.Utils.Editor", "Oculus.AudioManager.Utils.Editor.csproj", "{F301A3FA-E1C4-EF37-8FB8-A2F20E02C2B6}"
EndProject
Project("{FAE04EC0-301F-11D3-BF4B-00C04F79EFBC}") = "Oculus.Interaction.Samples.Editor", "Oculus.Interaction.Samples.Editor.csproj", "{B7C1582D-F982-C6A8-FB50-B82B63552D98}"
EndProject
Project("{FAE04EC0-301F-11D3-BF4B-00C04F79EFBC}") = "Facebook.Wit.Dictation.Editor", "Facebook.Wit.Dictation.Editor.csproj", "{C935C971-81AF-A2DD-1D58-1780FB1B1D2C}"
EndProject
Project("{FAE04EC0-301F-11D3-BF4B-00C04F79EFBC}") = "Oculus.Interaction.InterfaceSupport", "Oculus.Interaction.InterfaceSupport.csproj", "{4B37C812-2C87-F3E7-BBA1-BFFCD700FAA2}"
EndProject
Project("{FAE04EC0-301F-11D3-BF4B-00C04F79EFBC}") = "AssistantCoreSDKEditor", "AssistantCoreSDKEditor.csproj", "{AA2A3F54-9C09-2897-EC05-1FA2CEFA6656}"
EndProject
Project("{FAE04EC0-301F-11D3-BF4B-00C04F79EFBC}") = "Oculus.Platform", "Oculus.Platform.Player.csproj", "{65F98ADF-1895-1B92-ECE5-7C94B676AD94}"
EndProject
Project("{FAE04EC0-301F-11D3-BF4B-00C04F79EFBC}") = "Assembly-CSharp", "Assembly-CSharp.Player.csproj", "{01581593-00CC-05E8-4BB5-DE9370206819}"
EndProject
Project("{FAE04EC0-301F-11D3-BF4B-00C04F79EFBC}") = "Oculus.Interaction", "Oculus.Interaction.Player.csproj", "{19AC24F5-5129-D678-2E63-1A05C079BEEC}"
EndProject
Project("{FAE04EC0-301F-11D3-BF4B-00C04F79EFBC}") = "Oculus.VR", "Oculus.VR.Player.csproj", "{6355149F-6938-1866-3192-47897EF7F2A6}"
EndProject
Project("{FAE04EC0-301F-11D3-BF4B-00C04F79EFBC}") = "VoiceSDK.Dictation.Runtime", "VoiceSDK.Dictation.Runtime.Player.csproj", "{C1E42A08-2BA7-5DA6-C076-F30F1F953D2D}"
EndProject
Project("{FAE04EC0-301F-11D3-BF4B-00C04F79EFBC}") = "VoiceSDK.Runtime", "VoiceSDK.Runtime.Player.csproj", "{C754FED1-5380-C027-6BEB-2BA8AD60BB53}"
EndProject
Project("{FAE04EC0-301F-11D3-BF4B-00C04F79EFBC}") = "Meta.WitAi", "Meta.WitAi.Player.csproj", "{F964861E-3120-CF1E-479D-73B5CA0DE074}"
EndProject
Project("{FAE04EC0-301F-11D3-BF4B-00C04F79EFBC}") = "Meta.WitAi.Lib", "Meta.WitAi.Lib.Player.csproj", "{7F6B6747-CE37-5218-162B-A32E41B991C7}"
EndProject
Project("{FAE04EC0-301F-11D3-BF4B-00C04F79EFBC}") = "Oculus.Interaction.OVR.Samples", "Oculus.Interaction.OVR.Samples.Player.csproj", "{750C62D6-80AE-22B1-9965-ADA83A65E7D8}"
EndProject
Project("{FAE04EC0-301F-11D3-BF4B-00C04F79EFBC}") = "Meta.WitAi.TTS.Samples", "Meta.WitAi.TTS.Samples.Player.csproj", "{0ED7C6DF-123B-4BDB-79A1-77818A294428}"
EndProject
Project("{FAE04EC0-301F-11D3-BF4B-00C04F79EFBC}") = "Oculus.Voice.Demo", "Oculus.Voice.Demo.Player.csproj", "{269509C1-BC4C-257C-F9AB-C0938B51EC05}"
EndProject
Project("{FAE04EC0-301F-11D3-BF4B-00C04F79EFBC}") = "Oculus.Interaction.OVR", "Oculus.Interaction.OVR.Player.csproj", "{3BC9B95E-1924-9832-9862-829412C26219}"
EndProject
Project("{FAE04EC0-301F-11D3-BF4B-00C04F79EFBC}") = "AssistantCoreSDKRuntime", "AssistantCoreSDKRuntime.Player.csproj", "{57E6F541-4B78-7615-99CF-80E08618D1EF}"
EndProject
Project("{FAE04EC0-301F-11D3-BF4B-00C04F79EFBC}") = "Meta.WitAi.Conduit", "Meta.WitAi.Conduit.Player.csproj", "{708D1547-242D-B299-983F-37C2A442A854}"
EndProject
Project("{FAE04EC0-301F-11D3-BF4B-00C04F79EFBC}") = "Oculus.AudioManager", "Oculus.AudioManager.Player.csproj", "{21553C5D-4643-8273-CA0A-F25B4EC444DB}"
EndProject
Project("{FAE04EC0-301F-11D3-BF4B-00C04F79EFBC}") = "Oculus.LipSync", "Oculus.LipSync.Player.csproj", "{8A4059CF-20FE-F581-BD69-F43250AA18C6}"
EndProject
Project("{FAE04EC0-301F-11D3-BF4B-00C04F79EFBC}") = "Oculus.Spatializer", "Oculus.Spatializer.Player.csproj", "{9ED64AC4-5279-B247-9CF3-7B8549B6CCBF}"
EndProject
Project("{FAE04EC0-301F-11D3-BF4B-00C04F79EFBC}") = "Meta.VoiceSDK.Mic.Other", "Meta.VoiceSDK.Mic.Other.Player.csproj", "{D496595E-E2B2-8F18-01DD-1F050FEFACD9}"
EndProject
Project("{FAE04EC0-301F-11D3-BF4B-00C04F79EFBC}") = "Meta.VoiceSDK.Mic.Common", "Meta.VoiceSDK.Mic.Common.Player.csproj", "{A7A7F345-B387-A060-D0E7-89AF50679A8E}"
EndProject
Project("{FAE04EC0-301F-11D3-BF4B-00C04F79EFBC}") = "Facebook.Wit.Dictation", "Facebook.Wit.Dictation.Player.csproj", "{E5B395B3-29F1-BAEB-00CA-0B0F176B6C2B}"
EndProject
Project("{FAE04EC0-301F-11D3-BF4B-00C04F79EFBC}") = "Meta.WitAi.TTS", "Meta.WitAi.TTS.Player.csproj", "{4243C145-F938-3F6B-48E8-DD4228C27A4C}"
EndProject
Global
	GlobalSection(SolutionConfigurationPlatforms) = preSolution
		Debug|Any CPU = Debug|Any CPU
		Release|Any CPU = Release|Any CPU
	EndGlobalSection
	GlobalSection(ProjectConfigurationPlatforms) = postSolution
		{6F5DCEA0-CD24-3850-1354-95B968FF52EC}.Debug|Any CPU.ActiveCfg = Debug|Any CPU
		{6F5DCEA0-CD24-3850-1354-95B968FF52EC}.Debug|Any CPU.Build.0 = Debug|Any CPU
		{6F5DCEA0-CD24-3850-1354-95B968FF52EC}.Release|Any CPU.ActiveCfg = Release|Any CPU
		{6F5DCEA0-CD24-3850-1354-95B968FF52EC}.Release|Any CPU.Build.0 = Release|Any CPU
		{32C3BDE6-E125-3128-82C1-25D0441455A3}.Debug|Any CPU.ActiveCfg = Debug|Any CPU
		{32C3BDE6-E125-3128-82C1-25D0441455A3}.Debug|Any CPU.Build.0 = Debug|Any CPU
		{32C3BDE6-E125-3128-82C1-25D0441455A3}.Release|Any CPU.ActiveCfg = Release|Any CPU
		{32C3BDE6-E125-3128-82C1-25D0441455A3}.Release|Any CPU.Build.0 = Release|Any CPU
		{399210E1-EFA6-B134-AB89-71E27613E94E}.Debug|Any CPU.ActiveCfg = Debug|Any CPU
		{399210E1-EFA6-B134-AB89-71E27613E94E}.Debug|Any CPU.Build.0 = Debug|Any CPU
		{399210E1-EFA6-B134-AB89-71E27613E94E}.Release|Any CPU.ActiveCfg = Release|Any CPU
		{399210E1-EFA6-B134-AB89-71E27613E94E}.Release|Any CPU.Build.0 = Release|Any CPU
		{5F952402-0FAE-5C57-AE5C-69C2E4459BCA}.Debug|Any CPU.ActiveCfg = Debug|Any CPU
		{5F952402-0FAE-5C57-AE5C-69C2E4459BCA}.Debug|Any CPU.Build.0 = Debug|Any CPU
		{5F952402-0FAE-5C57-AE5C-69C2E4459BCA}.Release|Any CPU.ActiveCfg = Release|Any CPU
		{5F952402-0FAE-5C57-AE5C-69C2E4459BCA}.Release|Any CPU.Build.0 = Release|Any CPU
		{43AB9CDC-BA6D-D7E6-471D-993377B8649E}.Debug|Any CPU.ActiveCfg = Debug|Any CPU
		{43AB9CDC-BA6D-D7E6-471D-993377B8649E}.Debug|Any CPU.Build.0 = Debug|Any CPU
		{43AB9CDC-BA6D-D7E6-471D-993377B8649E}.Release|Any CPU.ActiveCfg = Release|Any CPU
		{43AB9CDC-BA6D-D7E6-471D-993377B8649E}.Release|Any CPU.Build.0 = Release|Any CPU
		{BFCB1A71-A1B1-F655-2E3A-49328AF55F29}.Debug|Any CPU.ActiveCfg = Debug|Any CPU
		{BFCB1A71-A1B1-F655-2E3A-49328AF55F29}.Debug|Any CPU.Build.0 = Debug|Any CPU
		{BFCB1A71-A1B1-F655-2E3A-49328AF55F29}.Release|Any CPU.ActiveCfg = Release|Any CPU
		{BFCB1A71-A1B1-F655-2E3A-49328AF55F29}.Release|Any CPU.Build.0 = Release|Any CPU
		{011DC4E5-56EC-BE8F-8A66-8B7D2492CBBF}.Debug|Any CPU.ActiveCfg = Debug|Any CPU
		{011DC4E5-56EC-BE8F-8A66-8B7D2492CBBF}.Debug|Any CPU.Build.0 = Debug|Any CPU
		{011DC4E5-56EC-BE8F-8A66-8B7D2492CBBF}.Release|Any CPU.ActiveCfg = Release|Any CPU
		{011DC4E5-56EC-BE8F-8A66-8B7D2492CBBF}.Release|Any CPU.Build.0 = Release|Any CPU
		{011B871C-86AA-D2AA-88D1-1D526781229B}.Debug|Any CPU.ActiveCfg = Debug|Any CPU
		{011B871C-86AA-D2AA-88D1-1D526781229B}.Debug|Any CPU.Build.0 = Debug|Any CPU
		{011B871C-86AA-D2AA-88D1-1D526781229B}.Release|Any CPU.ActiveCfg = Release|Any CPU
		{011B871C-86AA-D2AA-88D1-1D526781229B}.Release|Any CPU.Build.0 = Release|Any CPU
		{B78B5FAE-383A-2CBC-EA83-9539FB50A330}.Debug|Any CPU.ActiveCfg = Debug|Any CPU
		{B78B5FAE-383A-2CBC-EA83-9539FB50A330}.Debug|Any CPU.Build.0 = Debug|Any CPU
		{B78B5FAE-383A-2CBC-EA83-9539FB50A330}.Release|Any CPU.ActiveCfg = Release|Any CPU
		{B78B5FAE-383A-2CBC-EA83-9539FB50A330}.Release|Any CPU.Build.0 = Release|Any CPU
		{18C94C1E-D131-A6EF-0F7D-C17C24CB484C}.Debug|Any CPU.ActiveCfg = Debug|Any CPU
		{18C94C1E-D131-A6EF-0F7D-C17C24CB484C}.Debug|Any CPU.Build.0 = Debug|Any CPU
		{18C94C1E-D131-A6EF-0F7D-C17C24CB484C}.Release|Any CPU.ActiveCfg = Release|Any CPU
		{18C94C1E-D131-A6EF-0F7D-C17C24CB484C}.Release|Any CPU.Build.0 = Release|Any CPU
		{9251C239-608E-BC54-B073-05499F3CCF58}.Debug|Any CPU.ActiveCfg = Debug|Any CPU
		{9251C239-608E-BC54-B073-05499F3CCF58}.Debug|Any CPU.Build.0 = Debug|Any CPU
		{9251C239-608E-BC54-B073-05499F3CCF58}.Release|Any CPU.ActiveCfg = Release|Any CPU
		{9251C239-608E-BC54-B073-05499F3CCF58}.Release|Any CPU.Build.0 = Release|Any CPU
		{12148E6A-0CC5-E799-E38E-DAE073BBBF70}.Debug|Any CPU.ActiveCfg = Debug|Any CPU
		{12148E6A-0CC5-E799-E38E-DAE073BBBF70}.Debug|Any CPU.Build.0 = Debug|Any CPU
		{12148E6A-0CC5-E799-E38E-DAE073BBBF70}.Release|Any CPU.ActiveCfg = Release|Any CPU
		{12148E6A-0CC5-E799-E38E-DAE073BBBF70}.Release|Any CPU.Build.0 = Release|Any CPU
		{D6A23B7B-D5BA-8A51-4DEA-DD149A5BA3C0}.Debug|Any CPU.ActiveCfg = Debug|Any CPU
		{D6A23B7B-D5BA-8A51-4DEA-DD149A5BA3C0}.Debug|Any CPU.Build.0 = Debug|Any CPU
		{D6A23B7B-D5BA-8A51-4DEA-DD149A5BA3C0}.Release|Any CPU.ActiveCfg = Release|Any CPU
		{D6A23B7B-D5BA-8A51-4DEA-DD149A5BA3C0}.Release|Any CPU.Build.0 = Release|Any CPU
		{3FA15CEE-7665-E32C-0E83-912339B6AB7B}.Debug|Any CPU.ActiveCfg = Debug|Any CPU
		{3FA15CEE-7665-E32C-0E83-912339B6AB7B}.Debug|Any CPU.Build.0 = Debug|Any CPU
		{3FA15CEE-7665-E32C-0E83-912339B6AB7B}.Release|Any CPU.ActiveCfg = Release|Any CPU
		{3FA15CEE-7665-E32C-0E83-912339B6AB7B}.Release|Any CPU.Build.0 = Release|Any CPU
		{DB4D2D42-5450-B3E5-4DE6-58A5DCE25679}.Debug|Any CPU.ActiveCfg = Debug|Any CPU
		{DB4D2D42-5450-B3E5-4DE6-58A5DCE25679}.Debug|Any CPU.Build.0 = Debug|Any CPU
		{DB4D2D42-5450-B3E5-4DE6-58A5DCE25679}.Release|Any CPU.ActiveCfg = Release|Any CPU
		{DB4D2D42-5450-B3E5-4DE6-58A5DCE25679}.Release|Any CPU.Build.0 = Release|Any CPU
		{477A8FDB-D25D-304B-D2D7-4AAF48B42F5E}.Debug|Any CPU.ActiveCfg = Debug|Any CPU
		{477A8FDB-D25D-304B-D2D7-4AAF48B42F5E}.Debug|Any CPU.Build.0 = Debug|Any CPU
		{477A8FDB-D25D-304B-D2D7-4AAF48B42F5E}.Release|Any CPU.ActiveCfg = Release|Any CPU
		{477A8FDB-D25D-304B-D2D7-4AAF48B42F5E}.Release|Any CPU.Build.0 = Release|Any CPU
		{F79355FB-5971-9019-9B0C-E3323E259EEF}.Debug|Any CPU.ActiveCfg = Debug|Any CPU
		{F79355FB-5971-9019-9B0C-E3323E259EEF}.Debug|Any CPU.Build.0 = Debug|Any CPU
		{F79355FB-5971-9019-9B0C-E3323E259EEF}.Release|Any CPU.ActiveCfg = Release|Any CPU
		{F79355FB-5971-9019-9B0C-E3323E259EEF}.Release|Any CPU.Build.0 = Release|Any CPU
		{272105A0-D666-07E1-AE84-4B0C8EB3A81E}.Debug|Any CPU.ActiveCfg = Debug|Any CPU
		{272105A0-D666-07E1-AE84-4B0C8EB3A81E}.Debug|Any CPU.Build.0 = Debug|Any CPU
		{272105A0-D666-07E1-AE84-4B0C8EB3A81E}.Release|Any CPU.ActiveCfg = Release|Any CPU
		{272105A0-D666-07E1-AE84-4B0C8EB3A81E}.Release|Any CPU.Build.0 = Release|Any CPU
		{1E14576A-1A3B-7658-C29A-8C824D618862}.Debug|Any CPU.ActiveCfg = Debug|Any CPU
		{1E14576A-1A3B-7658-C29A-8C824D618862}.Debug|Any CPU.Build.0 = Debug|Any CPU
		{1E14576A-1A3B-7658-C29A-8C824D618862}.Release|Any CPU.ActiveCfg = Release|Any CPU
		{1E14576A-1A3B-7658-C29A-8C824D618862}.Release|Any CPU.Build.0 = Release|Any CPU
		{771E489D-BE4D-B2E3-E36E-E6067EF3DDB8}.Debug|Any CPU.ActiveCfg = Debug|Any CPU
		{771E489D-BE4D-B2E3-E36E-E6067EF3DDB8}.Debug|Any CPU.Build.0 = Debug|Any CPU
		{771E489D-BE4D-B2E3-E36E-E6067EF3DDB8}.Release|Any CPU.ActiveCfg = Release|Any CPU
		{771E489D-BE4D-B2E3-E36E-E6067EF3DDB8}.Release|Any CPU.Build.0 = Release|Any CPU
		{7D16C4AC-858E-C252-F891-A115FD84452A}.Debug|Any CPU.ActiveCfg = Debug|Any CPU
		{7D16C4AC-858E-C252-F891-A115FD84452A}.Debug|Any CPU.Build.0 = Debug|Any CPU
		{7D16C4AC-858E-C252-F891-A115FD84452A}.Release|Any CPU.ActiveCfg = Release|Any CPU
		{7D16C4AC-858E-C252-F891-A115FD84452A}.Release|Any CPU.Build.0 = Release|Any CPU
		{4C92CAD7-FCF7-AC3B-3297-89ACCEA0CF2C}.Debug|Any CPU.ActiveCfg = Debug|Any CPU
		{4C92CAD7-FCF7-AC3B-3297-89ACCEA0CF2C}.Debug|Any CPU.Build.0 = Debug|Any CPU
		{4C92CAD7-FCF7-AC3B-3297-89ACCEA0CF2C}.Release|Any CPU.ActiveCfg = Release|Any CPU
		{4C92CAD7-FCF7-AC3B-3297-89ACCEA0CF2C}.Release|Any CPU.Build.0 = Release|Any CPU
		{55A5E845-175E-E641-CCA2-3D6F7C379819}.Debug|Any CPU.ActiveCfg = Debug|Any CPU
		{55A5E845-175E-E641-CCA2-3D6F7C379819}.Debug|Any CPU.Build.0 = Debug|Any CPU
		{55A5E845-175E-E641-CCA2-3D6F7C379819}.Release|Any CPU.ActiveCfg = Release|Any CPU
		{55A5E845-175E-E641-CCA2-3D6F7C379819}.Release|Any CPU.Build.0 = Release|Any CPU
		{51CDA77D-30E9-591E-9F7B-3DD96989FD5E}.Debug|Any CPU.ActiveCfg = Debug|Any CPU
		{51CDA77D-30E9-591E-9F7B-3DD96989FD5E}.Debug|Any CPU.Build.0 = Debug|Any CPU
		{51CDA77D-30E9-591E-9F7B-3DD96989FD5E}.Release|Any CPU.ActiveCfg = Release|Any CPU
		{51CDA77D-30E9-591E-9F7B-3DD96989FD5E}.Release|Any CPU.Build.0 = Release|Any CPU
		{619A6AC7-8E96-558B-820F-364CB4A43FA3}.Debug|Any CPU.ActiveCfg = Debug|Any CPU
		{619A6AC7-8E96-558B-820F-364CB4A43FA3}.Debug|Any CPU.Build.0 = Debug|Any CPU
		{619A6AC7-8E96-558B-820F-364CB4A43FA3}.Release|Any CPU.ActiveCfg = Release|Any CPU
		{619A6AC7-8E96-558B-820F-364CB4A43FA3}.Release|Any CPU.Build.0 = Release|Any CPU
		{D37A1664-1647-B92C-EB51-D578D3A32A41}.Debug|Any CPU.ActiveCfg = Debug|Any CPU
		{D37A1664-1647-B92C-EB51-D578D3A32A41}.Debug|Any CPU.Build.0 = Debug|Any CPU
		{D37A1664-1647-B92C-EB51-D578D3A32A41}.Release|Any CPU.ActiveCfg = Release|Any CPU
		{D37A1664-1647-B92C-EB51-D578D3A32A41}.Release|Any CPU.Build.0 = Release|Any CPU
		{65B5E4DC-B3F5-FA33-F51A-EF234F3864D1}.Debug|Any CPU.ActiveCfg = Debug|Any CPU
		{65B5E4DC-B3F5-FA33-F51A-EF234F3864D1}.Debug|Any CPU.Build.0 = Debug|Any CPU
		{65B5E4DC-B3F5-FA33-F51A-EF234F3864D1}.Release|Any CPU.ActiveCfg = Release|Any CPU
		{65B5E4DC-B3F5-FA33-F51A-EF234F3864D1}.Release|Any CPU.Build.0 = Release|Any CPU
		{C9DC7B3C-B276-C6CD-5E59-836B69C1E89D}.Debug|Any CPU.ActiveCfg = Debug|Any CPU
		{C9DC7B3C-B276-C6CD-5E59-836B69C1E89D}.Debug|Any CPU.Build.0 = Debug|Any CPU
		{C9DC7B3C-B276-C6CD-5E59-836B69C1E89D}.Release|Any CPU.ActiveCfg = Release|Any CPU
		{C9DC7B3C-B276-C6CD-5E59-836B69C1E89D}.Release|Any CPU.Build.0 = Release|Any CPU
		{E8A91009-7186-A382-4FE4-3C21BA335F00}.Debug|Any CPU.ActiveCfg = Debug|Any CPU
		{E8A91009-7186-A382-4FE4-3C21BA335F00}.Debug|Any CPU.Build.0 = Debug|Any CPU
		{E8A91009-7186-A382-4FE4-3C21BA335F00}.Release|Any CPU.ActiveCfg = Release|Any CPU
		{E8A91009-7186-A382-4FE4-3C21BA335F00}.Release|Any CPU.Build.0 = Release|Any CPU
		{6A1A818E-2075-7503-AC3E-AC553B965D20}.Debug|Any CPU.ActiveCfg = Debug|Any CPU
		{6A1A818E-2075-7503-AC3E-AC553B965D20}.Debug|Any CPU.Build.0 = Debug|Any CPU
		{6A1A818E-2075-7503-AC3E-AC553B965D20}.Release|Any CPU.ActiveCfg = Release|Any CPU
		{6A1A818E-2075-7503-AC3E-AC553B965D20}.Release|Any CPU.Build.0 = Release|Any CPU
		{CDB061C6-7A13-4FAD-7246-C4DC8AB871BA}.Debug|Any CPU.ActiveCfg = Debug|Any CPU
		{CDB061C6-7A13-4FAD-7246-C4DC8AB871BA}.Debug|Any CPU.Build.0 = Debug|Any CPU
		{CDB061C6-7A13-4FAD-7246-C4DC8AB871BA}.Release|Any CPU.ActiveCfg = Release|Any CPU
		{CDB061C6-7A13-4FAD-7246-C4DC8AB871BA}.Release|Any CPU.Build.0 = Release|Any CPU
		{88479939-1F08-51FB-3A2B-39C703C21653}.Debug|Any CPU.ActiveCfg = Debug|Any CPU
		{88479939-1F08-51FB-3A2B-39C703C21653}.Debug|Any CPU.Build.0 = Debug|Any CPU
		{88479939-1F08-51FB-3A2B-39C703C21653}.Release|Any CPU.ActiveCfg = Release|Any CPU
		{88479939-1F08-51FB-3A2B-39C703C21653}.Release|Any CPU.Build.0 = Release|Any CPU
		{25061A6A-FD25-AB08-B28E-730DF242B4F2}.Debug|Any CPU.ActiveCfg = Debug|Any CPU
		{25061A6A-FD25-AB08-B28E-730DF242B4F2}.Debug|Any CPU.Build.0 = Debug|Any CPU
		{25061A6A-FD25-AB08-B28E-730DF242B4F2}.Release|Any CPU.ActiveCfg = Release|Any CPU
		{25061A6A-FD25-AB08-B28E-730DF242B4F2}.Release|Any CPU.Build.0 = Release|Any CPU
		{5B8DCB86-2C5F-E8A8-144D-3B418FBF32B4}.Debug|Any CPU.ActiveCfg = Debug|Any CPU
		{5B8DCB86-2C5F-E8A8-144D-3B418FBF32B4}.Debug|Any CPU.Build.0 = Debug|Any CPU
		{5B8DCB86-2C5F-E8A8-144D-3B418FBF32B4}.Release|Any CPU.ActiveCfg = Release|Any CPU
		{5B8DCB86-2C5F-E8A8-144D-3B418FBF32B4}.Release|Any CPU.Build.0 = Release|Any CPU
		{EDAE8845-3DCC-C712-6E88-098FF88566AA}.Debug|Any CPU.ActiveCfg = Debug|Any CPU
		{EDAE8845-3DCC-C712-6E88-098FF88566AA}.Debug|Any CPU.Build.0 = Debug|Any CPU
		{EDAE8845-3DCC-C712-6E88-098FF88566AA}.Release|Any CPU.ActiveCfg = Release|Any CPU
		{EDAE8845-3DCC-C712-6E88-098FF88566AA}.Release|Any CPU.Build.0 = Release|Any CPU
		{06DF7683-AEDE-A154-4A09-6A681F41A52A}.Debug|Any CPU.ActiveCfg = Debug|Any CPU
		{06DF7683-AEDE-A154-4A09-6A681F41A52A}.Debug|Any CPU.Build.0 = Debug|Any CPU
		{06DF7683-AEDE-A154-4A09-6A681F41A52A}.Release|Any CPU.ActiveCfg = Release|Any CPU
		{06DF7683-AEDE-A154-4A09-6A681F41A52A}.Release|Any CPU.Build.0 = Release|Any CPU
		{969F8221-7649-852C-F238-1E3F53705FD5}.Debug|Any CPU.ActiveCfg = Debug|Any CPU
		{969F8221-7649-852C-F238-1E3F53705FD5}.Debug|Any CPU.Build.0 = Debug|Any CPU
		{969F8221-7649-852C-F238-1E3F53705FD5}.Release|Any CPU.ActiveCfg = Release|Any CPU
		{969F8221-7649-852C-F238-1E3F53705FD5}.Release|Any CPU.Build.0 = Release|Any CPU
		{F301A3FA-E1C4-EF37-8FB8-A2F20E02C2B6}.Debug|Any CPU.ActiveCfg = Debug|Any CPU
		{F301A3FA-E1C4-EF37-8FB8-A2F20E02C2B6}.Debug|Any CPU.Build.0 = Debug|Any CPU
		{F301A3FA-E1C4-EF37-8FB8-A2F20E02C2B6}.Release|Any CPU.ActiveCfg = Release|Any CPU
		{F301A3FA-E1C4-EF37-8FB8-A2F20E02C2B6}.Release|Any CPU.Build.0 = Release|Any CPU
		{B7C1582D-F982-C6A8-FB50-B82B63552D98}.Debug|Any CPU.ActiveCfg = Debug|Any CPU
		{B7C1582D-F982-C6A8-FB50-B82B63552D98}.Debug|Any CPU.Build.0 = Debug|Any CPU
		{B7C1582D-F982-C6A8-FB50-B82B63552D98}.Release|Any CPU.ActiveCfg = Release|Any CPU
		{B7C1582D-F982-C6A8-FB50-B82B63552D98}.Release|Any CPU.Build.0 = Release|Any CPU
		{C935C971-81AF-A2DD-1D58-1780FB1B1D2C}.Debug|Any CPU.ActiveCfg = Debug|Any CPU
		{C935C971-81AF-A2DD-1D58-1780FB1B1D2C}.Debug|Any CPU.Build.0 = Debug|Any CPU
		{C935C971-81AF-A2DD-1D58-1780FB1B1D2C}.Release|Any CPU.ActiveCfg = Release|Any CPU
		{C935C971-81AF-A2DD-1D58-1780FB1B1D2C}.Release|Any CPU.Build.0 = Release|Any CPU
		{4B37C812-2C87-F3E7-BBA1-BFFCD700FAA2}.Debug|Any CPU.ActiveCfg = Debug|Any CPU
		{4B37C812-2C87-F3E7-BBA1-BFFCD700FAA2}.Debug|Any CPU.Build.0 = Debug|Any CPU
		{4B37C812-2C87-F3E7-BBA1-BFFCD700FAA2}.Release|Any CPU.ActiveCfg = Release|Any CPU
		{4B37C812-2C87-F3E7-BBA1-BFFCD700FAA2}.Release|Any CPU.Build.0 = Release|Any CPU
		{AA2A3F54-9C09-2897-EC05-1FA2CEFA6656}.Debug|Any CPU.ActiveCfg = Debug|Any CPU
		{AA2A3F54-9C09-2897-EC05-1FA2CEFA6656}.Debug|Any CPU.Build.0 = Debug|Any CPU
		{AA2A3F54-9C09-2897-EC05-1FA2CEFA6656}.Release|Any CPU.ActiveCfg = Release|Any CPU
		{AA2A3F54-9C09-2897-EC05-1FA2CEFA6656}.Release|Any CPU.Build.0 = Release|Any CPU
		{65F98ADF-1895-1B92-ECE5-7C94B676AD94}.Debug|Any CPU.ActiveCfg = Debug|Any CPU
		{65F98ADF-1895-1B92-ECE5-7C94B676AD94}.Debug|Any CPU.Build.0 = Debug|Any CPU
		{65F98ADF-1895-1B92-ECE5-7C94B676AD94}.Release|Any CPU.ActiveCfg = Release|Any CPU
		{65F98ADF-1895-1B92-ECE5-7C94B676AD94}.Release|Any CPU.Build.0 = Release|Any CPU
		{01581593-00CC-05E8-4BB5-DE9370206819}.Debug|Any CPU.ActiveCfg = Debug|Any CPU
		{01581593-00CC-05E8-4BB5-DE9370206819}.Debug|Any CPU.Build.0 = Debug|Any CPU
		{01581593-00CC-05E8-4BB5-DE9370206819}.Release|Any CPU.ActiveCfg = Release|Any CPU
		{01581593-00CC-05E8-4BB5-DE9370206819}.Release|Any CPU.Build.0 = Release|Any CPU
		{19AC24F5-5129-D678-2E63-1A05C079BEEC}.Debug|Any CPU.ActiveCfg = Debug|Any CPU
		{19AC24F5-5129-D678-2E63-1A05C079BEEC}.Debug|Any CPU.Build.0 = Debug|Any CPU
		{19AC24F5-5129-D678-2E63-1A05C079BEEC}.Release|Any CPU.ActiveCfg = Release|Any CPU
		{19AC24F5-5129-D678-2E63-1A05C079BEEC}.Release|Any CPU.Build.0 = Release|Any CPU
		{6355149F-6938-1866-3192-47897EF7F2A6}.Debug|Any CPU.ActiveCfg = Debug|Any CPU
		{6355149F-6938-1866-3192-47897EF7F2A6}.Debug|Any CPU.Build.0 = Debug|Any CPU
		{6355149F-6938-1866-3192-47897EF7F2A6}.Release|Any CPU.ActiveCfg = Release|Any CPU
		{6355149F-6938-1866-3192-47897EF7F2A6}.Release|Any CPU.Build.0 = Release|Any CPU
		{C1E42A08-2BA7-5DA6-C076-F30F1F953D2D}.Debug|Any CPU.ActiveCfg = Debug|Any CPU
		{C1E42A08-2BA7-5DA6-C076-F30F1F953D2D}.Debug|Any CPU.Build.0 = Debug|Any CPU
		{C1E42A08-2BA7-5DA6-C076-F30F1F953D2D}.Release|Any CPU.ActiveCfg = Release|Any CPU
		{C1E42A08-2BA7-5DA6-C076-F30F1F953D2D}.Release|Any CPU.Build.0 = Release|Any CPU
		{C754FED1-5380-C027-6BEB-2BA8AD60BB53}.Debug|Any CPU.ActiveCfg = Debug|Any CPU
		{C754FED1-5380-C027-6BEB-2BA8AD60BB53}.Debug|Any CPU.Build.0 = Debug|Any CPU
		{C754FED1-5380-C027-6BEB-2BA8AD60BB53}.Release|Any CPU.ActiveCfg = Release|Any CPU
		{C754FED1-5380-C027-6BEB-2BA8AD60BB53}.Release|Any CPU.Build.0 = Release|Any CPU
		{F964861E-3120-CF1E-479D-73B5CA0DE074}.Debug|Any CPU.ActiveCfg = Debug|Any CPU
		{F964861E-3120-CF1E-479D-73B5CA0DE074}.Debug|Any CPU.Build.0 = Debug|Any CPU
		{F964861E-3120-CF1E-479D-73B5CA0DE074}.Release|Any CPU.ActiveCfg = Release|Any CPU
		{F964861E-3120-CF1E-479D-73B5CA0DE074}.Release|Any CPU.Build.0 = Release|Any CPU
		{7F6B6747-CE37-5218-162B-A32E41B991C7}.Debug|Any CPU.ActiveCfg = Debug|Any CPU
		{7F6B6747-CE37-5218-162B-A32E41B991C7}.Debug|Any CPU.Build.0 = Debug|Any CPU
		{7F6B6747-CE37-5218-162B-A32E41B991C7}.Release|Any CPU.ActiveCfg = Release|Any CPU
		{7F6B6747-CE37-5218-162B-A32E41B991C7}.Release|Any CPU.Build.0 = Release|Any CPU
		{750C62D6-80AE-22B1-9965-ADA83A65E7D8}.Debug|Any CPU.ActiveCfg = Debug|Any CPU
		{750C62D6-80AE-22B1-9965-ADA83A65E7D8}.Debug|Any CPU.Build.0 = Debug|Any CPU
		{750C62D6-80AE-22B1-9965-ADA83A65E7D8}.Release|Any CPU.ActiveCfg = Release|Any CPU
		{750C62D6-80AE-22B1-9965-ADA83A65E7D8}.Release|Any CPU.Build.0 = Release|Any CPU
		{0ED7C6DF-123B-4BDB-79A1-77818A294428}.Debug|Any CPU.ActiveCfg = Debug|Any CPU
		{0ED7C6DF-123B-4BDB-79A1-77818A294428}.Debug|Any CPU.Build.0 = Debug|Any CPU
		{0ED7C6DF-123B-4BDB-79A1-77818A294428}.Release|Any CPU.ActiveCfg = Release|Any CPU
		{0ED7C6DF-123B-4BDB-79A1-77818A294428}.Release|Any CPU.Build.0 = Release|Any CPU
		{269509C1-BC4C-257C-F9AB-C0938B51EC05}.Debug|Any CPU.ActiveCfg = Debug|Any CPU
		{269509C1-BC4C-257C-F9AB-C0938B51EC05}.Debug|Any CPU.Build.0 = Debug|Any CPU
		{269509C1-BC4C-257C-F9AB-C0938B51EC05}.Release|Any CPU.ActiveCfg = Release|Any CPU
		{269509C1-BC4C-257C-F9AB-C0938B51EC05}.Release|Any CPU.Build.0 = Release|Any CPU
		{3BC9B95E-1924-9832-9862-829412C26219}.Debug|Any CPU.ActiveCfg = Debug|Any CPU
		{3BC9B95E-1924-9832-9862-829412C26219}.Debug|Any CPU.Build.0 = Debug|Any CPU
		{3BC9B95E-1924-9832-9862-829412C26219}.Release|Any CPU.ActiveCfg = Release|Any CPU
		{3BC9B95E-1924-9832-9862-829412C26219}.Release|Any CPU.Build.0 = Release|Any CPU
		{57E6F541-4B78-7615-99CF-80E08618D1EF}.Debug|Any CPU.ActiveCfg = Debug|Any CPU
		{57E6F541-4B78-7615-99CF-80E08618D1EF}.Debug|Any CPU.Build.0 = Debug|Any CPU
		{57E6F541-4B78-7615-99CF-80E08618D1EF}.Release|Any CPU.ActiveCfg = Release|Any CPU
		{57E6F541-4B78-7615-99CF-80E08618D1EF}.Release|Any CPU.Build.0 = Release|Any CPU
		{708D1547-242D-B299-983F-37C2A442A854}.Debug|Any CPU.ActiveCfg = Debug|Any CPU
		{708D1547-242D-B299-983F-37C2A442A854}.Debug|Any CPU.Build.0 = Debug|Any CPU
		{708D1547-242D-B299-983F-37C2A442A854}.Release|Any CPU.ActiveCfg = Release|Any CPU
		{708D1547-242D-B299-983F-37C2A442A854}.Release|Any CPU.Build.0 = Release|Any CPU
		{21553C5D-4643-8273-CA0A-F25B4EC444DB}.Debug|Any CPU.ActiveCfg = Debug|Any CPU
		{21553C5D-4643-8273-CA0A-F25B4EC444DB}.Debug|Any CPU.Build.0 = Debug|Any CPU
		{21553C5D-4643-8273-CA0A-F25B4EC444DB}.Release|Any CPU.ActiveCfg = Release|Any CPU
		{21553C5D-4643-8273-CA0A-F25B4EC444DB}.Release|Any CPU.Build.0 = Release|Any CPU
		{8A4059CF-20FE-F581-BD69-F43250AA18C6}.Debug|Any CPU.ActiveCfg = Debug|Any CPU
		{8A4059CF-20FE-F581-BD69-F43250AA18C6}.Debug|Any CPU.Build.0 = Debug|Any CPU
		{8A4059CF-20FE-F581-BD69-F43250AA18C6}.Release|Any CPU.ActiveCfg = Release|Any CPU
		{8A4059CF-20FE-F581-BD69-F43250AA18C6}.Release|Any CPU.Build.0 = Release|Any CPU
		{9ED64AC4-5279-B247-9CF3-7B8549B6CCBF}.Debug|Any CPU.ActiveCfg = Debug|Any CPU
		{9ED64AC4-5279-B247-9CF3-7B8549B6CCBF}.Debug|Any CPU.Build.0 = Debug|Any CPU
		{9ED64AC4-5279-B247-9CF3-7B8549B6CCBF}.Release|Any CPU.ActiveCfg = Release|Any CPU
		{9ED64AC4-5279-B247-9CF3-7B8549B6CCBF}.Release|Any CPU.Build.0 = Release|Any CPU
		{D496595E-E2B2-8F18-01DD-1F050FEFACD9}.Debug|Any CPU.ActiveCfg = Debug|Any CPU
		{D496595E-E2B2-8F18-01DD-1F050FEFACD9}.Debug|Any CPU.Build.0 = Debug|Any CPU
		{D496595E-E2B2-8F18-01DD-1F050FEFACD9}.Release|Any CPU.ActiveCfg = Release|Any CPU
		{D496595E-E2B2-8F18-01DD-1F050FEFACD9}.Release|Any CPU.Build.0 = Release|Any CPU
		{A7A7F345-B387-A060-D0E7-89AF50679A8E}.Debug|Any CPU.ActiveCfg = Debug|Any CPU
		{A7A7F345-B387-A060-D0E7-89AF50679A8E}.Debug|Any CPU.Build.0 = Debug|Any CPU
		{A7A7F345-B387-A060-D0E7-89AF50679A8E}.Release|Any CPU.ActiveCfg = Release|Any CPU
		{A7A7F345-B387-A060-D0E7-89AF50679A8E}.Release|Any CPU.Build.0 = Release|Any CPU
		{E5B395B3-29F1-BAEB-00CA-0B0F176B6C2B}.Debug|Any CPU.ActiveCfg = Debug|Any CPU
		{E5B395B3-29F1-BAEB-00CA-0B0F176B6C2B}.Debug|Any CPU.Build.0 = Debug|Any CPU
		{E5B395B3-29F1-BAEB-00CA-0B0F176B6C2B}.Release|Any CPU.ActiveCfg = Release|Any CPU
		{E5B395B3-29F1-BAEB-00CA-0B0F176B6C2B}.Release|Any CPU.Build.0 = Release|Any CPU
		{4243C145-F938-3F6B-48E8-DD4228C27A4C}.Debug|Any CPU.ActiveCfg = Debug|Any CPU
		{4243C145-F938-3F6B-48E8-DD4228C27A4C}.Debug|Any CPU.Build.0 = Debug|Any CPU
		{4243C145-F938-3F6B-48E8-DD4228C27A4C}.Release|Any CPU.ActiveCfg = Release|Any CPU
		{4243C145-F938-3F6B-48E8-DD4228C27A4C}.Release|Any CPU.Build.0 = Release|Any CPU
	EndGlobalSection
	GlobalSection(SolutionProperties) = preSolution
		HideSolutionNode = FALSE
	EndGlobalSection
EndGlobal
